
Microsoft Visual Studio Solution File, Format Version 12.00
# Visual Studio Version 16
VisualStudioVersion = 16.0.35130.168
MinimumVisualStudioVersion = 10.0.40219.1
Project("{FAE04EC0-301F-11D3-BF4B-00C04F79EFBC}") = "TP_Tarjeta", "TP_Tarjeta\TP_Tarjeta.csproj", "{F6A94A5E-4CAA-4280-8FE4-3CDF5B17E748}"
EndProject
Global
	GlobalSection(SolutionConfigurationPlatforms) = preSolution
		Debug|Any CPU = Debug|Any CPU
		Release|Any CPU = Release|Any CPU
	EndGlobalSection
	GlobalSection(ProjectConfigurationPlatforms) = postSolution
		{F6A94A5E-4CAA-4280-8FE4-3CDF5B17E748}.Debug|Any CPU.ActiveCfg = Debug|Any CPU
		{F6A94A5E-4CAA-4280-8FE4-3CDF5B17E748}.Debug|Any CPU.Build.0 = Debug|Any CPU
		{F6A94A5E-4CAA-4280-8FE4-3CDF5B17E748}.Release|Any CPU.ActiveCfg = Release|Any CPU
		{F6A94A5E-4CAA-4280-8FE4-3CDF5B17E748}.Release|Any CPU.Build.0 = Release|Any CPU
	EndGlobalSection
	GlobalSection(SolutionProperties) = preSolution
		HideSolutionNode = FALSE
	EndGlobalSection
	GlobalSection(ExtensibilityGlobals) = postSolution
		SolutionGuid = {CB6E38F1-FF43-475E-AF8A-77FD94D5CA8A}
	EndGlobalSection
EndGlobal
